{
  "name": "vagrant",
  "version": "1.0.0",
  "lockfileVersion": 1,
  "requires": true,
  "dependencies": {
    "base64-js": {
      "version": "0.0.8",
      "resolved": "https://registry.npmjs.org/base64-js/-/base64-js-0.0.8.tgz",
      "integrity": "sha1-EQHpVE9KdrG8OybUUsqW16NeeXg="
    },
    "buffer": {
      "version": "3.6.0",
      "resolved": "https://registry.npmjs.org/buffer/-/buffer-3.6.0.tgz",
      "integrity": "sha1-pyyTb3e5a/UvX357RnGAYoVR3vs=",
      "requires": {
        "base64-js": "0.0.8",
        "ieee754": "1.1.12",
        "isarray": "1.0.0"
      }
    },
    "code-point-at": {
      "version": "1.1.0",
      "resolved": "https://registry.npmjs.org/code-point-at/-/code-point-at-1.1.0.tgz",
      "integrity": "sha1-DQcLTQQ6W+ozovGkDi7bPZpMz3c="
    },
    "emitter-component": {
      "version": "1.1.1",
      "resolved": "https://registry.npmjs.org/emitter-component/-/emitter-component-1.1.1.tgz",
      "integrity": "sha1-Bl4tvtaVm/RwZ57avq95gdEAOrY="
    },
    "ieee754": {
      "version": "1.1.12",
      "resolved": "https://registry.npmjs.org/ieee754/-/ieee754-1.1.12.tgz",
      "integrity": "sha512-GguP+DRY+pJ3soyIiGPTvdiVXjZ+DbXOxGpXn3eMvNW4x4irjqXm4wHKscC+TfxSJ0yw/S1F24tqdMNsMZTiLA=="
    },
    "is-fullwidth-code-point": {
      "version": "1.0.0",
      "resolved": "https://registry.npmjs.org/is-fullwidth-code-point/-/is-fullwidth-code-point-1.0.0.tgz",
      "integrity": "sha1-754xOG8DGn8NZDr4L95QxFfvAMs=",
      "requires": {
        "number-is-nan": "1.0.1"
      }
    },
    "isarray": {
      "version": "1.0.0",
      "resolved": "https://registry.npmjs.org/isarray/-/isarray-1.0.0.tgz",
      "integrity": "sha1-u5NdSFgsuhaMBoNJV6VKPgcSTxE="
    },
    "linebyline": {
      "version": "1.3.0",
      "resolved": "https://registry.npmjs.org/linebyline/-/linebyline-1.3.0.tgz",
      "integrity": "sha1-bvVM6rgy0j94Qe0vKW/psvba3pQ="
    },
    "mute-stream": {
      "version": "0.0.5",
      "resolved": "https://registry.npmjs.org/mute-stream/-/mute-stream-0.0.5.tgz",
      "integrity": "sha1-j7+rsKmKJT0xhDMfno3rc3L6xsA="
    },
    "number-is-nan": {
      "version": "1.0.1",
      "resolved": "https://registry.npmjs.org/number-is-nan/-/number-is-nan-1.0.1.tgz",
      "integrity": "sha1-CXtgK1NCKlIsGvuHkDGDNpQaAR0="
    },
    "readline": {
      "version": "1.3.0",
      "resolved": "https://registry.npmjs.org/readline/-/readline-1.3.0.tgz",
      "integrity": "sha1-xYDXfvLPyHUrEySYBg3JeTp6wBw="
    },
    "readline2": {
      "version": "1.0.1",
      "resolved": "https://registry.npmjs.org/readline2/-/readline2-1.0.1.tgz",
      "integrity": "sha1-QQWWCP/BVHV7cV2ZidGZ/783LjU=",
      "requires": {
        "code-point-at": "1.1.0",
        "is-fullwidth-code-point": "1.0.0",
        "mute-stream": "0.0.5"
      }
    },
    "stream": {
      "version": "0.0.2",
      "resolved": "https://registry.npmjs.org/stream/-/stream-0.0.2.tgz",
      "integrity": "sha1-f1Nj8Ff2WSxVlfALyAon9c7B8O8=",
      "requires": {
        "emitter-component": "1.1.1"
      }
    },
    "streamifier": {
      "version": "0.1.1",
      "resolved": "https://registry.npmjs.org/streamifier/-/streamifier-0.1.1.tgz",
      "integrity": "sha1-l+mNj6TRBdYqJpHR3AfoINuN/E8="
    },
    "through": {
      "version": "2.3.8",
      "resolved": "https://registry.npmjs.org/through/-/through-2.3.8.tgz",
      "integrity": "sha1-DdTJ/6q8NXlgsbckEV1+Doai4fU="
    },
    "unbzip2-stream": {
      "version": "1.2.5",
      "resolved": "https://registry.npmjs.org/unbzip2-stream/-/unbzip2-stream-1.2.5.tgz",
      "integrity": "sha512-izD3jxT8xkzwtXRUZjtmRwKnZoeECrfZ8ra/ketwOcusbZEp4mjULMnJOCfTDZBgGQAAY1AJ/IgxcwkavcX9Og==",
      "requires": {
        "buffer": "3.6.0",
        "through": "2.3.8"
      }
    },
    "zlib": {
      "version": "1.0.5",
      "resolved": "https://registry.npmjs.org/zlib/-/zlib-1.0.5.tgz",
      "integrity": "sha1-bnyXL8NxxkWmr7A6sUdp3vEU/MA="
    }
  }
}
